// !$*UTF8*$!
{
	archiveVersion = 1;
	classes = {
	};
	objectVersion = 50;
	objects = {

/* Begin PBXBuildFile section */
		AF1E357825C05CCD00129F8C /* TicTacToeAMApp.swift in Sources */ = {isa = PBXBuildFile; fileRef = AF1E356525C05CCC00129F8C /* TicTacToeAMApp.swift */; };
		AF1E357925C05CCD00129F8C /* TicTacToeAMApp.swift in Sources */ = {isa = PBXBuildFile; fileRef = AF1E356525C05CCC00129F8C /* TicTacToeAMApp.swift */; };
		AF1E357A25C05CCD00129F8C /* ContentView.swift in Sources */ = {isa = PBXBuildFile; fileRef = AF1E356625C05CCC00129F8C /* ContentView.swift */; };
		AF1E357B25C05CCD00129F8C /* ContentView.swift in Sources */ = {isa = PBXBuildFile; fileRef = AF1E356625C05CCC00129F8C /* ContentView.swift */; };
		AF1E357C25C05CCD00129F8C /* Assets.xcassets in Resources */ = {isa = PBXBuildFile; fileRef = AF1E356725C05CCD00129F8C /* Assets.xcassets */; };
		AF1E357D25C05CCD00129F8C /* Assets.xcassets in Resources */ = {isa = PBXBuildFile; fileRef = AF1E356725C05CCD00129F8C /* Assets.xcassets */; };
/* End PBXBuildFile section */

/* Begin PBXFileReference section */
		AF1E356525C05CCC00129F8C /* TicTacToeAMApp.swift */ = {isa = PBXFileReference; lastKnownFileType = sourcecode.swift; path = TicTacToeAMApp.swift; sourceTree = "<group>"; };
		AF1E356625C05CCC00129F8C /* ContentView.swift */ = {isa = PBXFileReference; lastKnownFileType = sourcecode.swift; path = ContentView.swift; sourceTree = "<group>"; };
		AF1E356725C05CCD00129F8C /* Assets.xcassets */ = {isa = PBXFileReference; lastKnownFileType = folder.assetcatalog; path = Assets.xcassets; sourceTree = "<group>"; };
		AF1E356C25C05CCD00129F8C /* TicTacToeAM.app */ = {isa = PBXFileReference; explicitFileType = wrapper.application; includeInIndex = 0; path = TicTacToeAM.app; sourceTree = BUILT_PRODUCTS_DIR; };
		AF1E356F25C05CCD00129F8C /* Info.plist */ = {isa = PBXFileReference; lastKnownFileType = text.plist.xml; path = Info.plist; sourceTree = "<group>"; };
		AF1E357425C05CCD00129F8C /* TicTacToeAM.app */ = {isa = PBXFileReference; explicitFileType = wrapper.application; includeInIndex = 0; path = TicTacToeAM.app; sourceTree = BUILT_PRODUCTS_DIR; };
		AF1E357625C05CCD00129F8C /* Info.plist */ = {isa = PBXFileReference; lastKnownFileType = text.plist.xml; path = Info.plist; sourceTree = "<group>"; };
		AF1E357725C05CCD00129F8C /* macOS.entitlements */ = {isa = PBXFileReference; lastKnownFileType = text.plist.entitlements; path = macOS.entitlements; sourceTree = "<group>"; };
/* End PBXFileReference section */

/* Begin PBXFrameworksBuildPhase section */
		AF1E356925C05CCD00129F8C /* Frameworks */ = {
			isa = PBXFrameworksBuildPhase;
			buildActionMask = 2147483647;
			files = (
			);
			runOnlyForDeploymentPostprocessing = 0;
		};
		AF1E357125C05CCD00129F8C /* Frameworks */ = {
			isa = PBXFrameworksBuildPhase;
			buildActionMask = 2147483647;
			files = (
			);
			runOnlyForDeploymentPostprocessing = 0;
		};
/* End PBXFrameworksBuildPhase section */

/* Begin PBXGroup section */
		AF1E355F25C05CCC00129F8C = {
			isa = PBXGroup;
			children = (
				AF1E356425C05CCC00129F8C /* Shared */,
				AF1E356E25C05CCD00129F8C /* iOS */,
				AF1E357525C05CCD00129F8C /* macOS */,
				AF1E356D25C05CCD00129F8C /* Products */,
			);
			sourceTree = "<group>";
		};
		AF1E356425C05CCC00129F8C /* Shared */ = {
			isa = PBXGroup;
			children = (
				AF1E356525C05CCC00129F8C /* TicTacToeAMApp.swift */,
				AF1E356625C05CCC00129F8C /* ContentView.swift */,
				AF1E356725C05CCD00129F8C /* Assets.xcassets */,
			);
			path = Shared;
			sourceTree = "<group>";
		};
		AF1E356D25C05CCD00129F8C /* Products */ = {
			isa = PBXGroup;
			children = (
				AF1E356C25C05CCD00129F8C /* TicTacToeAM.app */,
				AF1E357425C05CCD00129F8C /* TicTacToeAM.app */,
			);
			name = Products;
			sourceTree = "<group>";
		};
		AF1E356E25C05CCD00129F8C /* iOS */ = {
			isa = PBXGroup;
			children = (
				AF1E356F25C05CCD00129F8C /* Info.plist */,
			);
			path = iOS;
			sourceTree = "<group>";
		};
		AF1E357525C05CCD00129F8C /* macOS */ = {
			isa = PBXGroup;
			children = (
				AF1E357625C05CCD00129F8C /* Info.plist */,
				AF1E357725C05CCD00129F8C /* macOS.entitlements */,
			);
			path = macOS;
			sourceTree = "<group>";
		};
/* End PBXGroup section */

/* Begin PBXNativeTarget section */
		AF1E356B25C05CCD00129F8C /* TicTacToeAM (iOS) */ = {
			isa = PBXNativeTarget;
			buildConfigurationList = AF1E358025C05CCD00129F8C /* Build configuration list for PBXNativeTarget "TicTacToeAM (iOS)" */;
			buildPhases = (
				AF1E356825C05CCD00129F8C /* Sources */,
				AF1E356925C05CCD00129F8C /* Frameworks */,
				AF1E356A25C05CCD00129F8C /* Resources */,
			);
			buildRules = (
			);
			dependencies = (
			);
			name = "TicTacToeAM (iOS)";
			productName = "TicTacToeAM (iOS)";
			productReference = AF1E356C25C05CCD00129F8C /* TicTacToeAM.app */;
			productType = "com.apple.product-type.application";
		};
		AF1E357325C05CCD00129F8C /* TicTacToeAM (macOS) */ = {
			isa = PBXNativeTarget;
			buildConfigurationList = AF1E358325C05CCD00129F8C /* Build configuration list for PBXNativeTarget "TicTacToeAM (macOS)" */;
			buildPhases = (
				AF1E357025C05CCD00129F8C /* Sources */,
				AF1E357125C05CCD00129F8C /* Frameworks */,
				AF1E357225C05CCD00129F8C /* Resources */,
			);
			buildRules = (
			);
			dependencies = (
			);
			name = "TicTacToeAM (macOS)";
			productName = "TicTacToeAM (macOS)";
			productReference = AF1E357425C05CCD00129F8C /* TicTacToeAM.app */;
			productType = "com.apple.product-type.application";
		};
/* End PBXNativeTarget section */

/* Begin PBXProject section */
		AF1E356025C05CCC00129F8C /* Project object */ = {
			isa = PBXProject;
			attributes = {
				LastSwiftUpdateCheck = 1220;
				LastUpgradeCheck = 1220;
				TargetAttributes = {
					AF1E356B25C05CCD00129F8C = {
						CreatedOnToolsVersion = 12.2;
					};
					AF1E357325C05CCD00129F8C = {
						CreatedOnToolsVersion = 12.2;
					};
				};
			};
			buildConfigurationList = AF1E356325C05CCC00129F8C /* Build configuration list for PBXProject "TicTacToeAM" */;
			compatibilityVersion = "Xcode 9.3";
			developmentRegion = en;
			hasScannedForEncodings = 0;
			knownRegions = (
				en,
				Base,
			);
			mainGroup = AF1E355F25C05CCC00129F8C;
			productRefGroup = AF1E356D25C05CCD00129F8C /* Products */;
			projectDirPath = "";
			projectRoot = "";
			targets = (
				AF1E356B25C05CCD00129F8C /* TicTacToeAM (iOS) */,
				AF1E357325C05CCD00129F8C /* TicTacToeAM (macOS) */,
			);
		};
/* End PBXProject section */

/* Begin PBXResourcesBuildPhase section */
		AF1E356A25C05CCD00129F8C /* Resources */ = {
			isa = PBXResourcesBuildPhase;
			buildActionMask = 2147483647;
			files = (
				AF1E357C25C05CCD00129F8C /* Assets.xcassets in Resources */,
			);
			runOnlyForDeploymentPostprocessing = 0;
		};
		AF1E357225C05CCD00129F8C /* Resources */ = {
			isa = PBXResourcesBuildPhase;
			buildActionMask = 2147483647;
			files = (
				AF1E357D25C05CCD00129F8C /* Assets.xcassets in Resources */,
			);
			runOnlyForDeploymentPostprocessing = 0;
		};
/* End PBXResourcesBuildPhase section */

/* Begin PBXSourcesBuildPhase section */
		AF1E356825C05CCD00129F8C /* Sources */ = {
			isa = PBXSourcesBuildPhase;
			buildActionMask = 2147483647;
			files = (
				AF1E357A25C05CCD00129F8C /* ContentView.swift in Sources */,
				AF1E357825C05CCD00129F8C /* TicTacToeAMApp.swift in Sources */,
			);
			runOnlyForDeploymentPostprocessing = 0;
		};
		AF1E357025C05CCD00129F8C /* Sources */ = {
			isa = PBXSourcesBuildPhase;
			buildActionMask = 2147483647;
			files = (
				AF1E357B25C05CCD00129F8C /* ContentView.swift in Sources */,
				AF1E357925C05CCD00129F8C /* TicTacToeAMApp.swift in Sources */,
			);
			runOnlyForDeploymentPostprocessing = 0;
		};
/* End PBXSourcesBuildPhase section */

/* Begin XCBuildConfiguration section */
		AF1E357E25C05CCD00129F8C /* Debug */ = {
			isa = XCBuildConfiguration;
			buildSettings = {
				ALWAYS_SEARCH_USER_PATHS = NO;
				CLANG_ANALYZER_NONNULL = YES;
				CLANG_ANALYZER_NUMBER_OBJECT_CONVERSION = YES_AGGRESSIVE;
				CLANG_CXX_LANGUAGE_STANDARD = "gnu++14";
				CLANG_CXX_LIBRARY = "libc++";
				CLANG_ENABLE_MODULES = YES;
				CLANG_ENABLE_OBJC_ARC = YES;
				CLANG_ENABLE_OBJC_WEAK = YES;
				CLANG_WARN_BLOCK_CAPTURE_AUTORELEASING = YES;
				CLANG_WARN_BOOL_CONVERSION = YES;
				CLANG_WARN_COMMA = YES;
				CLANG_WARN_CONSTANT_CONVERSION = YES;
				CLANG_WARN_DEPRECATED_OBJC_IMPLEMENTATIONS = YES;
				CLANG_WARN_DIRECT_OBJC_ISA_USAGE = YES_ERROR;
				CLANG_WARN_DOCUMENTATION_COMMENTS = YES;
				CLANG_WARN_EMPTY_BODY = YES;
				CLANG_WARN_ENUM_CONVERSION = YES;
				CLANG_WARN_INFINITE_RECURSION = YES;
				CLANG_WARN_INT_CONVERSION = YES;
				CLANG_WARN_NON_LITERAL_NULL_CONVERSION = YES;
				CLANG_WARN_OBJC_IMPLICIT_RETAIN_SELF = YES;
				CLANG_WARN_OBJC_LITERAL_CONVERSION = YES;
				CLANG_WARN_OBJC_ROOT_CLASS = YES_ERROR;
				CLANG_WARN_QUOTED_INCLUDE_IN_FRAMEWORK_HEADER = YES;
				CLANG_WARN_RANGE_LOOP_ANALYSIS = YES;
				CLANG_WARN_STRICT_PROTOTYPES = YES;
				CLANG_WARN_SUSPICIOUS_MOVE = YES;
				CLANG_WARN_UNGUARDED_AVAILABILITY = YES_AGGRESSIVE;
				CLANG_WARN_UNREACHABLE_CODE = YES;
				CLANG_WARN__DUPLICATE_METHOD_MATCH = YES;
				COPY_PHASE_STRIP = NO;
				DEBUG_INFORMATION_FORMAT = dwarf;
				ENABLE_STRICT_OBJC_MSGSEND = YES;
				ENABLE_TESTABILITY = YES;
				GCC_C_LANGUAGE_STANDARD = gnu11;
				GCC_DYNAMIC_NO_PIC = NO;
				GCC_NO_COMMON_BLOCKS = YES;
				GCC_OPTIMIZATION_LEVEL = 0;
				GCC_PREPROCESSOR_DEFINITIONS = (
					"DEBUG=1",
					"$(inherited)",
				);
				GCC_WARN_64_TO_32_BIT_CONVERSION = YES;
				GCC_WARN_ABOUT_RETURN_TYPE = YES_ERROR;
				GCC_WARN_UNDECLARED_SELECTOR = YES;
				GCC_WARN_UNINITIALIZED_AUTOS = YES_AGGRESSIVE;
				GCC_WARN_UNUSED_FUNCTION = YES;
				GCC_WARN_UNUSED_VARIABLE = YES;
				MTL_ENABLE_DEBUG_INFO = INCLUDE_SOURCE;
				MTL_FAST_MATH = YES;
				ONLY_ACTIVE_ARCH = YES;
				SWIFT_ACTIVE_COMPILATION_CONDITIONS = DEBUG;
				SWIFT_OPTIMIZATION_LEVEL = "-Onone";
			};
			name = Debug;
		};
		AF1E357F25C05CCD00129F8C /* Release */ = {
			isa = XCBuildConfiguration;
			buildSettings = {
				ALWAYS_SEARCH_USER_PATHS = NO;
				CLANG_ANALYZER_NONNULL = YES;
				CLANG_ANALYZER_NUMBER_OBJECT_CONVERSION = YES_AGGRESSIVE;
				CLANG_CXX_LANGUAGE_STANDARD = "gnu++14";
				CLANG_CXX_LIBRARY = "libc++";
				CLANG_ENABLE_MODULES = YES;
				CLANG_ENABLE_OBJC_ARC = YES;
				CLANG_ENABLE_OBJC_WEAK = YES;
				CLANG_WARN_BLOCK_CAPTURE_AUTORELEASING = YES;
				CLANG_WARN_BOOL_CONVERSION = YES;
				CLANG_WARN_COMMA = YES;
				CLANG_WARN_CONSTANT_CONVERSION = YES;
				CLANG_WARN_DEPRECATED_OBJC_IMPLEMENTATIONS = YES;
				CLANG_WARN_DIRECT_OBJC_ISA_USAGE = YES_ERROR;
				CLANG_WARN_DOCUMENTATION_COMMENTS = YES;
				CLANG_WARN_EMPTY_BODY = YES;
				CLANG_WARN_ENUM_CONVERSION = YES;
				CLANG_WARN_INFINITE_RECURSION = YES;
				CLANG_WARN_INT_CONVERSION = YES;
				CLANG_WARN_NON_LITERAL_NULL_CONVERSION = YES;
				CLANG_WARN_OBJC_IMPLICIT_RETAIN_SELF = YES;
				CLANG_WARN_OBJC_LITERAL_CONVERSION = YES;
				CLANG_WARN_OBJC_ROOT_CLASS = YES_ERROR;
				CLANG_WARN_QUOTED_INCLUDE_IN_FRAMEWORK_HEADER = YES;
				CLANG_WARN_RANGE_LOOP_ANALYSIS = YES;
				CLANG_WARN_STRICT_PROTOTYPES = YES;
				CLANG_WARN_SUSPICIOUS_MOVE = YES;
				CLANG_WARN_UNGUARDED_AVAILABILITY = YES_AGGRESSIVE;
				CLANG_WARN_UNREACHABLE_CODE = YES;
				CLANG_WARN__DUPLICATE_METHOD_MATCH = YES;
				COPY_PHASE_STRIP = NO;
				DEBUG_INFORMATION_FORMAT = "dwarf-with-dsym";
				ENABLE_NS_ASSERTIONS = NO;
				ENABLE_STRICT_OBJC_MSGSEND = YES;
				GCC_C_LANGUAGE_STANDARD = gnu11;
				GCC_NO_COMMON_BLOCKS = YES;
				GCC_WARN_64_TO_32_BIT_CONVERSION = YES;
				GCC_WARN_ABOUT_RETURN_TYPE = YES_ERROR;
				GCC_WARN_UNDECLARED_SELECTOR = YES;
				GCC_WARN_UNINITIALIZED_AUTOS = YES_AGGRESSIVE;
				GCC_WARN_UNUSED_FUNCTION = YES;
				GCC_WARN_UNUSED_VARIABLE = YES;
				MTL_ENABLE_DEBUG_INFO = NO;
				MTL_FAST_MATH = YES;
				SWIFT_COMPILATION_MODE = wholemodule;
				SWIFT_OPTIMIZATION_LEVEL = "-O";
			};
			name = Release;
		};
		AF1E358125C05CCD00129F8C /* Debug */ = {
			isa = XCBuildConfiguration;
			buildSettings = {
				ASSETCATALOG_COMPILER_APPICON_NAME = AppIcon;
				ASSETCATALOG_COMPILER_GLOBAL_ACCENT_COLOR_NAME = AccentColor;
				CODE_SIGN_STYLE = Automatic;
				ENABLE_PREVIEWS = YES;
				INFOPLIST_FILE = iOS/Info.plist;
				IPHONEOS_DEPLOYMENT_TARGET = 14.0;
				LD_RUNPATH_SEARCH_PATHS = (
					"$(inherited)",
					"@executable_path/Frameworks",
				);
				PRODUCT_BUNDLE_IDENTIFIER = com.adam3.TicTacToeAM;
				PRODUCT_NAME = TicTacToeAM;
				SDKROOT = iphoneos;
				SWIFT_VERSION = 5.0;
				TARGETED_DEVICE_FAMILY = "1,2";
			};
			name = Debug;
		};
		AF1E358225C05CCD00129F8C /* Release */ = {
			isa = XCBuildConfiguration;
			buildSettings = {
				ASSETCATALOG_COMPILER_APPICON_NAME = AppIcon;
				ASSETCATALOG_COMPILER_GLOBAL_ACCENT_COLOR_NAME = AccentColor;
				CODE_SIGN_STYLE = Automatic;
				ENABLE_PREVIEWS = YES;
				INFOPLIST_FILE = iOS/Info.plist;
				IPHONEOS_DEPLOYMENT_TARGET = 14.0;
				LD_RUNPATH_SEARCH_PATHS = (
					"$(inherited)",
					"@executable_path/Frameworks",
				);
				PRODUCT_BUNDLE_IDENTIFIER = com.adam3.TicTacToeAM;
				PRODUCT_NAME = TicTacToeAM;
				SDKROOT = iphoneos;
				SWIFT_VERSION = 5.0;
				TARGETED_DEVICE_FAMILY = "1,2";
				VALIDATE_PRODUCT = YES;
			};
			name = Release;
		};
		AF1E358425C05CCD00129F8C /* Debug */ = {
			isa = XCBuildConfiguration;
			buildSettings = {
				ASSETCATALOG_COMPILER_APPICON_NAME = AppIcon;
				ASSETCATALOG_COMPILER_GLOBAL_ACCENT_COLOR_NAME = AccentColor;
				CODE_SIGN_ENTITLEMENTS = macOS/macOS.entitlements;
				CODE_SIGN_STYLE = Automatic;
				COMBINE_HIDPI_IMAGES = YES;
				ENABLE_PREVIEWS = YES;
				INFOPLIST_FILE = macOS/Info.plist;
				LD_RUNPATH_SEARCH_PATHS = (
					"$(inherited)",
					"@executable_path/../Frameworks",
				);
				MACOSX_DEPLOYMENT_TARGET = 11.0;
				PRODUCT_BUNDLE_IDENTIFIER = com.adam3.TicTacToeAM;
				PRODUCT_NAME = TicTacToeAM;
				SDKROOT = macosx;
				SWIFT_VERSION = 5.0;
			};
			name = Debug;
		};
		AF1E358525C05CCD00129F8C /* Release */ = {
			isa = XCBuildConfiguration;
			buildSettings = {
				ASSETCATALOG_COMPILER_APPICON_NAME = AppIcon;
				ASSETCATALOG_COMPILER_GLOBAL_ACCENT_COLOR_NAME = AccentColor;
				CODE_SIGN_ENTITLEMENTS = macOS/macOS.entitlements;
				CODE_SIGN_STYLE = Automatic;
				COMBINE_HIDPI_IMAGES = YES;
				ENABLE_PREVIEWS = YES;
				INFOPLIST_FILE = macOS/Info.plist;
				LD_RUNPATH_SEARCH_PATHS = (
					"$(inherited)",
					"@executable_path/../Frameworks",
				);
				MACOSX_DEPLOYMENT_TARGET = 11.0;
				PRODUCT_BUNDLE_IDENTIFIER = com.adam3.TicTacToeAM;
				PRODUCT_NAME = TicTacToeAM;
				SDKROOT = macosx;
				SWIFT_VERSION = 5.0;
			};
			name = Release;
		};
/* End XCBuildConfiguration section */

/* Begin XCConfigurationList section */
		AF1E356325C05CCC00129F8C /* Build configuration list for PBXProject "TicTacToeAM" */ = {
			isa = XCConfigurationList;
			buildConfigurations = (
				AF1E357E25C05CCD00129F8C /* Debug */,
				AF1E357F25C05CCD00129F8C /* Release */,
			);
			defaultConfigurationIsVisible = 0;
			defaultConfigurationName = Release;
		};
		AF1E358025C05CCD00129F8C /* Build configuration list for PBXNativeTarget "TicTacToeAM (iOS)" */ = {
			isa = XCConfigurationList;
			buildConfigurations = (
				AF1E358125C05CCD00129F8C /* Debug */,
				AF1E358225C05CCD00129F8C /* Release */,
			);
			defaultConfigurationIsVisible = 0;
			defaultConfigurationName = Release;
		};
		AF1E358325C05CCD00129F8C /* Build configuration list for PBXNativeTarget "TicTacToeAM (macOS)" */ = {
			isa = XCConfigurationList;
			buildConfigurations = (
				AF1E358425C05CCD00129F8C /* Debug */,
				AF1E358525C05CCD00129F8C /* Release */,
			);
			defaultConfigurationIsVisible = 0;
			defaultConfigurationName = Release;
		};
/* End XCConfigurationList section */
	};
	rootObject = AF1E356025C05CCC00129F8C /* Project object */;
}
